<?xml version="1.0" encoding="UTF-8"?>
<Scheme
   version = "1.3">
   <BuildAction>
      <BuildActionEntries>
         <BuildActionEntry
            buildForRunning = "YES">
            <BuildableReference
               BuildableIdentifier = "primary"
               BlueprintIdentifier = "40C7E10325E0405A005C0614"
               BuildableName = "ComposableArchitecture.app"
               BlueprintName = "ComposableArchitecture"
               ReferencedContainer = "container:ComposableArchitecture.xcodeproj">
            </BuildableReference>
         </BuildActionEntry>
      </BuildActionEntries>
   </BuildAction>
   <LaunchAction
      useCustomWorkingDirectory = "NO"
      buildConfiguration = "Debug"
      allowLocationSimulation = "YES">
      <BuildableProductRunnable>
         <BuildableReference
            BuildableIdentifier = "primary"
            BlueprintIdentifier = "40C7E10325E0405A005C0614"
            BuildableName = "ComposableArchitecture.app"
            BlueprintName = "ComposableArchitecture"
            ReferencedContainer = "container:ComposableArchitecture.xcodeproj">
         </BuildableReference>
      </BuildableProductRunnable>
   </LaunchAction>
</Scheme>
